
Microsoft Visual Studio Solution File, Format Version 11.00
# Visual Studio 2010
Project("{8BC9CEB8-8B4A-11D0-8D11-00A0C91BC942}") = "ForlijiaEx", "ForlijiaEx\ForlijiaEx.vcxproj", "{D592991E-D2B9-40B7-BD3A-419D51562E7C}"
EndProject
Project("{8BC9CEB8-8B4A-11D0-8D11-00A0C91BC942}") = "utest", "utest\utest.vcxproj", "{63C262C3-509E-4933-9283-F7C8BA0FF3BE}"
EndProject
Global
	GlobalSection(SolutionConfigurationPlatforms) = preSolution
		Debug|Win32 = Debug|Win32
		Release|Win32 = Release|Win32
	EndGlobalSection
	GlobalSection(ProjectConfigurationPlatforms) = postSolution
		{D592991E-D2B9-40B7-BD3A-419D51562E7C}.Debug|Win32.ActiveCfg = Debug|Win32
		{D592991E-D2B9-40B7-BD3A-419D51562E7C}.Debug|Win32.Build.0 = Debug|Win32
		{D592991E-D2B9-40B7-BD3A-419D51562E7C}.Release|Win32.ActiveCfg = Release|Win32
		{D592991E-D2B9-40B7-BD3A-419D51562E7C}.Release|Win32.Build.0 = Release|Win32
		{63C262C3-509E-4933-9283-F7C8BA0FF3BE}.Debug|Win32.ActiveCfg = Debug|Win32
		{63C262C3-509E-4933-9283-F7C8BA0FF3BE}.Debug|Win32.Build.0 = Debug|Win32
		{63C262C3-509E-4933-9283-F7C8BA0FF3BE}.Release|Win32.ActiveCfg = Release|Win32
		{63C262C3-509E-4933-9283-F7C8BA0FF3BE}.Release|Win32.Build.0 = Release|Win32
	EndGlobalSection
	GlobalSection(SolutionProperties) = preSolution
		HideSolutionNode = FALSE
	EndGlobalSection
EndGlobal
